
Microsoft Visual Studio Solution File, Format Version 12.00
# Visual Studio 2012
Project("{FAE04EC0-301F-11D3-BF4B-00C04F79EFBC}") = "Sorting", "Sorting\Sorting.csproj", "{0970CED6-180B-4122-A86B-7426FFDC5C57}"
EndProject
Project("{FAE04EC0-301F-11D3-BF4B-00C04F79EFBC}") = "UnitTestProject", "UnitTestProject\UnitTestProject.csproj", "{3E935EF7-8057-4172-AFA6-CFF6B33F3DE9}"
EndProject
Global
	GlobalSection(SolutionConfigurationPlatforms) = preSolution
		Debug|Any CPU = Debug|Any CPU
		Release|Any CPU = Release|Any CPU
	EndGlobalSection
	GlobalSection(ProjectConfigurationPlatforms) = postSolution
		{0970CED6-180B-4122-A86B-7426FFDC5C57}.Debug|Any CPU.ActiveCfg = Debug|Any CPU
		{0970CED6-180B-4122-A86B-7426FFDC5C57}.Debug|Any CPU.Build.0 = Debug|Any CPU
		{0970CED6-180B-4122-A86B-7426FFDC5C57}.Release|Any CPU.ActiveCfg = Release|Any CPU
		{0970CED6-180B-4122-A86B-7426FFDC5C57}.Release|Any CPU.Build.0 = Release|Any CPU
		{3E935EF7-8057-4172-AFA6-CFF6B33F3DE9}.Debug|Any CPU.ActiveCfg = Debug|Any CPU
		{3E935EF7-8057-4172-AFA6-CFF6B33F3DE9}.Debug|Any CPU.Build.0 = Debug|Any CPU
		{3E935EF7-8057-4172-AFA6-CFF6B33F3DE9}.Release|Any CPU.ActiveCfg = Release|Any CPU
		{3E935EF7-8057-4172-AFA6-CFF6B33F3DE9}.Release|Any CPU.Build.0 = Release|Any CPU
	EndGlobalSection
	GlobalSection(SolutionProperties) = preSolution
		HideSolutionNode = FALSE
	EndGlobalSection
EndGlobal
